
Microsoft Visual Studio Solution File, Format Version 12.00
# Visual Studio Version 16
VisualStudioVersion = 16.0.30105.148
MinimumVisualStudioVersion = 10.0.40219.1
Project("{9A19103F-16F7-4668-BE54-9A1E7A4F7556}") = "DecisionMarkd", "src\DecisionMarkd\DecisionMarkd.csproj", "{C5C3089E-FB73-44F3-8822-E94AFB57F704}"
EndProject
Project("{2150E333-8FDC-42A3-9474-1A3956D46DE8}") = "src", "src", "{F1D17C74-57E8-4F97-9117-A80C8EF6E5C8}"
EndProject
Project("{2150E333-8FDC-42A3-9474-1A3956D46DE8}") = "tests", "tests", "{50D1B358-4753-4EC3-9514-F134E8628078}"
EndProject
Project("{9A19103F-16F7-4668-BE54-9A1E7A4F7556}") = "DecisionMarkd.Specs", "tests\DecisionMarkd.Specs\DecisionMarkd.Specs.csproj", "{8957F77C-5FD2-40EE-B762-6AC298EF9EBE}"
EndProject
Project("{FAE04EC0-301F-11D3-BF4B-00C04F79EFBC}") = "DecisionMarkd.Tests", "tests\DecisionMarkd.Tests\DecisionMarkd.Tests.csproj", "{A609A52D-8CF1-426D-8CC6-927FAAEBF442}"
EndProject
Global
	GlobalSection(SolutionConfigurationPlatforms) = preSolution
		Debug|Any CPU = Debug|Any CPU
		Release|Any CPU = Release|Any CPU
	EndGlobalSection
	GlobalSection(ProjectConfigurationPlatforms) = postSolution
		{C5C3089E-FB73-44F3-8822-E94AFB57F704}.Debug|Any CPU.ActiveCfg = Debug|Any CPU
		{C5C3089E-FB73-44F3-8822-E94AFB57F704}.Debug|Any CPU.Build.0 = Debug|Any CPU
		{C5C3089E-FB73-44F3-8822-E94AFB57F704}.Release|Any CPU.ActiveCfg = Release|Any CPU
		{C5C3089E-FB73-44F3-8822-E94AFB57F704}.Release|Any CPU.Build.0 = Release|Any CPU
		{8957F77C-5FD2-40EE-B762-6AC298EF9EBE}.Debug|Any CPU.ActiveCfg = Debug|Any CPU
		{8957F77C-5FD2-40EE-B762-6AC298EF9EBE}.Debug|Any CPU.Build.0 = Debug|Any CPU
		{8957F77C-5FD2-40EE-B762-6AC298EF9EBE}.Release|Any CPU.ActiveCfg = Release|Any CPU
		{8957F77C-5FD2-40EE-B762-6AC298EF9EBE}.Release|Any CPU.Build.0 = Release|Any CPU
		{A609A52D-8CF1-426D-8CC6-927FAAEBF442}.Debug|Any CPU.ActiveCfg = Debug|Any CPU
		{A609A52D-8CF1-426D-8CC6-927FAAEBF442}.Debug|Any CPU.Build.0 = Debug|Any CPU
		{A609A52D-8CF1-426D-8CC6-927FAAEBF442}.Release|Any CPU.ActiveCfg = Release|Any CPU
		{A609A52D-8CF1-426D-8CC6-927FAAEBF442}.Release|Any CPU.Build.0 = Release|Any CPU
	EndGlobalSection
	GlobalSection(SolutionProperties) = preSolution
		HideSolutionNode = FALSE
	EndGlobalSection
	GlobalSection(NestedProjects) = preSolution
		{C5C3089E-FB73-44F3-8822-E94AFB57F704} = {F1D17C74-57E8-4F97-9117-A80C8EF6E5C8}
		{8957F77C-5FD2-40EE-B762-6AC298EF9EBE} = {50D1B358-4753-4EC3-9514-F134E8628078}
		{A609A52D-8CF1-426D-8CC6-927FAAEBF442} = {50D1B358-4753-4EC3-9514-F134E8628078}
	EndGlobalSection
	GlobalSection(ExtensibilityGlobals) = postSolution
		SolutionGuid = {1FD4215E-CB99-411F-AE83-3D3630C81257}
	EndGlobalSection
EndGlobal
